
Microsoft Visual Studio Solution File, Format Version 12.00
# Visual Studio Version 16
VisualStudioVersion = 16.0.31129.286
MinimumVisualStudioVersion = 10.0.40219.1
Project("{8BC9CEB8-8B4A-11D0-8D11-00A0C91BC942}") = "Lesson1", "Lesson1\Lesson1.vcxproj", "{176CBF48-5BC3-4199-95E6-781D76FDE160}"
EndProject
Project("{8BC9CEB8-8B4A-11D0-8D11-00A0C91BC942}") = "Lesson2", "Lesson2\Lesson2.vcxproj", "{B4733D9A-ACD1-4763-B58F-C8AA1D095DAF}"
EndProject
Project("{8BC9CEB8-8B4A-11D0-8D11-00A0C91BC942}") = "Lesson3", "Lesson3\Lesson3.vcxproj", "{D4911B24-8B81-4A35-8843-6B1DE3FFA4B9}"
EndProject
Project("{8BC9CEB8-8B4A-11D0-8D11-00A0C91BC942}") = "Lesson4", "Lesson4\Lesson4.vcxproj", "{81DADDE4-27A0-41C3-9EEE-AECF9D7FC7BE}"
EndProject
Global
	GlobalSection(SolutionConfigurationPlatforms) = preSolution
		Debug|x64 = Debug|x64
		Debug|x86 = Debug|x86
		Release|x64 = Release|x64
		Release|x86 = Release|x86
	EndGlobalSection
	GlobalSection(ProjectConfigurationPlatforms) = postSolution
		{176CBF48-5BC3-4199-95E6-781D76FDE160}.Debug|x64.ActiveCfg = Debug|x64
		{176CBF48-5BC3-4199-95E6-781D76FDE160}.Debug|x64.Build.0 = Debug|x64
		{176CBF48-5BC3-4199-95E6-781D76FDE160}.Debug|x86.ActiveCfg = Debug|Win32
		{176CBF48-5BC3-4199-95E6-781D76FDE160}.Debug|x86.Build.0 = Debug|Win32
		{176CBF48-5BC3-4199-95E6-781D76FDE160}.Release|x64.ActiveCfg = Release|x64
		{176CBF48-5BC3-4199-95E6-781D76FDE160}.Release|x64.Build.0 = Release|x64
		{176CBF48-5BC3-4199-95E6-781D76FDE160}.Release|x86.ActiveCfg = Release|Win32
		{176CBF48-5BC3-4199-95E6-781D76FDE160}.Release|x86.Build.0 = Release|Win32
		{B4733D9A-ACD1-4763-B58F-C8AA1D095DAF}.Debug|x64.ActiveCfg = Debug|x64
		{B4733D9A-ACD1-4763-B58F-C8AA1D095DAF}.Debug|x64.Build.0 = Debug|x64
		{B4733D9A-ACD1-4763-B58F-C8AA1D095DAF}.Debug|x86.ActiveCfg = Debug|Win32
		{B4733D9A-ACD1-4763-B58F-C8AA1D095DAF}.Debug|x86.Build.0 = Debug|Win32
		{B4733D9A-ACD1-4763-B58F-C8AA1D095DAF}.Release|x64.ActiveCfg = Release|x64
		{B4733D9A-ACD1-4763-B58F-C8AA1D095DAF}.Release|x64.Build.0 = Release|x64
		{B4733D9A-ACD1-4763-B58F-C8AA1D095DAF}.Release|x86.ActiveCfg = Release|Win32
		{B4733D9A-ACD1-4763-B58F-C8AA1D095DAF}.Release|x86.Build.0 = Release|Win32
		{D4911B24-8B81-4A35-8843-6B1DE3FFA4B9}.Debug|x64.ActiveCfg = Debug|x64
		{D4911B24-8B81-4A35-8843-6B1DE3FFA4B9}.Debug|x64.Build.0 = Debug|x64
		{D4911B24-8B81-4A35-8843-6B1DE3FFA4B9}.Debug|x86.ActiveCfg = Debug|Win32
		{D4911B24-8B81-4A35-8843-6B1DE3FFA4B9}.Debug|x86.Build.0 = Debug|Win32
		{D4911B24-8B81-4A35-8843-6B1DE3FFA4B9}.Release|x64.ActiveCfg = Release|x64
		{D4911B24-8B81-4A35-8843-6B1DE3FFA4B9}.Release|x64.Build.0 = Release|x64
		{D4911B24-8B81-4A35-8843-6B1DE3FFA4B9}.Release|x86.ActiveCfg = Release|Win32
		{D4911B24-8B81-4A35-8843-6B1DE3FFA4B9}.Release|x86.Build.0 = Release|Win32
		{81DADDE4-27A0-41C3-9EEE-AECF9D7FC7BE}.Debug|x64.ActiveCfg = Debug|x64
		{81DADDE4-27A0-41C3-9EEE-AECF9D7FC7BE}.Debug|x64.Build.0 = Debug|x64
		{81DADDE4-27A0-41C3-9EEE-AECF9D7FC7BE}.Debug|x86.ActiveCfg = Debug|Win32
		{81DADDE4-27A0-41C3-9EEE-AECF9D7FC7BE}.Debug|x86.Build.0 = Debug|Win32
		{81DADDE4-27A0-41C3-9EEE-AECF9D7FC7BE}.Release|x64.ActiveCfg = Release|x64
		{81DADDE4-27A0-41C3-9EEE-AECF9D7FC7BE}.Release|x64.Build.0 = Release|x64
		{81DADDE4-27A0-41C3-9EEE-AECF9D7FC7BE}.Release|x86.ActiveCfg = Release|Win32
		{81DADDE4-27A0-41C3-9EEE-AECF9D7FC7BE}.Release|x86.Build.0 = Release|Win32
	EndGlobalSection
	GlobalSection(SolutionProperties) = preSolution
		HideSolutionNode = FALSE
	EndGlobalSection
	GlobalSection(ExtensibilityGlobals) = postSolution
		SolutionGuid = {9CF243BF-4CBE-4537-BEE9-0CC569D84E5A}
	EndGlobalSection
EndGlobal
